
Microsoft Visual Studio Solution File, Format Version 12.00
# Visual Studio Version 16
VisualStudioVersion = 16.0.35229.62
MinimumVisualStudioVersion = 10.0.40219.1
Project("{FAE04EC0-301F-11D3-BF4B-00C04F79EFBC}") = "P30_Querst_project", "P30_Querst_project.csproj", "{73FE948B-D3E6-447C-9F70-3F6EC1F09DC9}"
EndProject
Global
	GlobalSection(SolutionConfigurationPlatforms) = preSolution
		Debug|Any CPU = Debug|Any CPU
		Release|Any CPU = Release|Any CPU
	EndGlobalSection
	GlobalSection(ProjectConfigurationPlatforms) = postSolution
		{73FE948B-D3E6-447C-9F70-3F6EC1F09DC9}.Debug|Any CPU.ActiveCfg = Debug|Any CPU
		{73FE948B-D3E6-447C-9F70-3F6EC1F09DC9}.Debug|Any CPU.Build.0 = Debug|Any CPU
		{73FE948B-D3E6-447C-9F70-3F6EC1F09DC9}.Release|Any CPU.ActiveCfg = Release|Any CPU
		{73FE948B-D3E6-447C-9F70-3F6EC1F09DC9}.Release|Any CPU.Build.0 = Release|Any CPU
	EndGlobalSection
	GlobalSection(SolutionProperties) = preSolution
		HideSolutionNode = FALSE
	EndGlobalSection
	GlobalSection(ExtensibilityGlobals) = postSolution
		SolutionGuid = {86AC89B6-CEC2-4AAC-8F29-50A65C07E980}
	EndGlobalSection
EndGlobal
